
Microsoft Visual Studio Solution File, Format Version 12.00
# Visual Studio 14
VisualStudioVersion = 14.0.25420.1
MinimumVisualStudioVersion = 10.0.40219.1
Project("{FAE04EC0-301F-11D3-BF4B-00C04F79EFBC}") = "Asp.Net Mvc Repository", "Asp.Net Mvc Repository\Asp.Net Mvc Repository.csproj", "{114EE10C-CAA7-4B11-83FC-80A83964AF8A}"
EndProject
Global
	GlobalSection(SolutionConfigurationPlatforms) = preSolution
		Debug|Any CPU = Debug|Any CPU
		Release|Any CPU = Release|Any CPU
	EndGlobalSection
	GlobalSection(ProjectConfigurationPlatforms) = postSolution
		{114EE10C-CAA7-4B11-83FC-80A83964AF8A}.Debug|Any CPU.ActiveCfg = Debug|Any CPU
		{114EE10C-CAA7-4B11-83FC-80A83964AF8A}.Debug|Any CPU.Build.0 = Debug|Any CPU
		{114EE10C-CAA7-4B11-83FC-80A83964AF8A}.Release|Any CPU.ActiveCfg = Release|Any CPU
		{114EE10C-CAA7-4B11-83FC-80A83964AF8A}.Release|Any CPU.Build.0 = Release|Any CPU
	EndGlobalSection
	GlobalSection(SolutionProperties) = preSolution
		HideSolutionNode = FALSE
	EndGlobalSection
EndGlobal
